// !$*UTF8*$!
{
	archiveVersion = 1;
	classes = {
	};
	objectVersion = 56;
	objects = {

/* Begin PBXBuildFile section */
		3F0D32692B167DA2001F0AF2 /* User.swift in Sources */ = {isa = PBXBuildFile; fileRef = 3F0D32682B167DA1001F0AF2 /* User.swift */; };
		3F0D326C2B169696001F0AF2 /* ParseSwift in Frameworks */ = {isa = PBXBuildFile; productRef = 3F0D326B2B169696001F0AF2 /* ParseSwift */; };
		3F0D326E2B1697F8001F0AF2 /* ViewController+Extensions.swift in Sources */ = {isa = PBXBuildFile; fileRef = 3F0D326D2B1697F8001F0AF2 /* ViewController+Extensions.swift */; };
		3F5198872B1817C700DC70B4 /* Main.storyboard in Resources */ = {isa = PBXBuildFile; fileRef = 3F5198862B1817C700DC70B4 /* Main.storyboard */; };
		3F8C43B52B0854050057070C /* LoginViewController.swift in Sources */ = {isa = PBXBuildFile; fileRef = 3F8C43B42B0854050057070C /* LoginViewController.swift */; };
		3FC499A12B0BC64C009C9525 /* SignUpViewController.swift in Sources */ = {isa = PBXBuildFile; fileRef = 3FC499A02B0BC64C009C9525 /* SignUpViewController.swift */; };
		7F6926112AE8521500050E2F /* api.swift in Sources */ = {isa = PBXBuildFile; fileRef = 7F6926102AE8521500050E2F /* api.swift */; };
		7FE3D1D02ACF1061006E9CF8 /* AppDelegate.swift in Sources */ = {isa = PBXBuildFile; fileRef = 7FE3D1CF2ACF1061006E9CF8 /* AppDelegate.swift */; };
		7FE3D1D22ACF1061006E9CF8 /* SceneDelegate.swift in Sources */ = {isa = PBXBuildFile; fileRef = 7FE3D1D12ACF1061006E9CF8 /* SceneDelegate.swift */; };
		7FE3D1D42ACF1061006E9CF8 /* ViewController.swift in Sources */ = {isa = PBXBuildFile; fileRef = 7FE3D1D32ACF1061006E9CF8 /* ViewController.swift */; };
		7FE3D1D92ACF1064006E9CF8 /* Assets.xcassets in Resources */ = {isa = PBXBuildFile; fileRef = 7FE3D1D82ACF1064006E9CF8 /* Assets.xcassets */; };
		7FE3D1DC2ACF1064006E9CF8 /* LaunchScreen.storyboard in Resources */ = {isa = PBXBuildFile; fileRef = 7FE3D1DA2ACF1064006E9CF8 /* LaunchScreen.storyboard */; };
		7FE3D1E72ACF1064006E9CF8 /* FInal_ProjectTests.swift in Sources */ = {isa = PBXBuildFile; fileRef = 7FE3D1E62ACF1064006E9CF8 /* FInal_ProjectTests.swift */; };
		7FE3D1F12ACF1064006E9CF8 /* FInal_ProjectUITests.swift in Sources */ = {isa = PBXBuildFile; fileRef = 7FE3D1F02ACF1064006E9CF8 /* FInal_ProjectUITests.swift */; };
		7FE3D1F32ACF1064006E9CF8 /* FInal_ProjectUITestsLaunchTests.swift in Sources */ = {isa = PBXBuildFile; fileRef = 7FE3D1F22ACF1064006E9CF8 /* FInal_ProjectUITestsLaunchTests.swift */; };
		7FE3D2002ACF1090006E9CF8 /* README.md in Resources */ = {isa = PBXBuildFile; fileRef = 7FE3D1FF2ACF1090006E9CF8 /* README.md */; };
		7FE4BED12B00804500A94406 /* Cities.swift in Sources */ = {isa = PBXBuildFile; fileRef = 7FE4BED02B00804500A94406 /* Cities.swift */; };
		7FEE557D2B082B4400D9DAF0 /* MenuViewController.swift in Sources */ = {isa = PBXBuildFile; fileRef = 7FEE557C2B082B4400D9DAF0 /* MenuViewController.swift */; };
		7FEE557F2B0D499600D9DAF0 /* ScoresViewController.swift in Sources */ = {isa = PBXBuildFile; fileRef = 7FEE557E2B0D499600D9DAF0 /* ScoresViewController.swift */; };
/* End PBXBuildFile section */

/* Begin PBXContainerItemProxy section */
		7FE3D1E32ACF1064006E9CF8 /* PBXContainerItemProxy */ = {
			isa = PBXContainerItemProxy;
			containerPortal = 7FE3D1C42ACF1061006E9CF8 /* Project object */;
			proxyType = 1;
			remoteGlobalIDString = 7FE3D1CB2ACF1061006E9CF8;
			remoteInfo = "FInal-Project";
		};
		7FE3D1ED2ACF1064006E9CF8 /* PBXContainerItemProxy */ = {
			isa = PBXContainerItemProxy;
			containerPortal = 7FE3D1C42ACF1061006E9CF8 /* Project object */;
			proxyType = 1;
			remoteGlobalIDString = 7FE3D1CB2ACF1061006E9CF8;
			remoteInfo = "FInal-Project";
		};
/* End PBXContainerItemProxy section */

/* Begin PBXFileReference section */
		3F0D32682B167DA1001F0AF2 /* User.swift */ = {isa = PBXFileReference; fileEncoding = 4; lastKnownFileType = sourcecode.swift; name = User.swift; path = "../../../cop 4655 lab 6/lab_6/lab-insta-parse/Models/User.swift"; sourceTree = "<group>"; };
		3F0D326D2B1697F8001F0AF2 /* ViewController+Extensions.swift */ = {isa = PBXFileReference; fileEncoding = 4; lastKnownFileType = sourcecode.swift; name = "ViewController+Extensions.swift"; path = "../../../cop 4655 lab 6/lab_6/lab-insta-parse/Extensions/ViewController+Extensions.swift"; sourceTree = "<group>"; };
		3F5198862B1817C700DC70B4 /* Main.storyboard */ = {isa = PBXFileReference; fileEncoding = 4; lastKnownFileType = file.storyboard; name = Main.storyboard; path = ../../../../Downloads/Main.storyboard; sourceTree = "<group>"; };
		3F8C43B42B0854050057070C /* LoginViewController.swift */ = {isa = PBXFileReference; lastKnownFileType = sourcecode.swift; path = LoginViewController.swift; sourceTree = "<group>"; };
		3FC499A02B0BC64C009C9525 /* SignUpViewController.swift */ = {isa = PBXFileReference; lastKnownFileType = sourcecode.swift; path = SignUpViewController.swift; sourceTree = "<group>"; };
		7F6926102AE8521500050E2F /* api.swift */ = {isa = PBXFileReference; lastKnownFileType = sourcecode.swift; path = api.swift; sourceTree = "<group>"; };
		7FE3D1CC2ACF1061006E9CF8 /* FInal-Project.app */ = {isa = PBXFileReference; explicitFileType = wrapper.application; includeInIndex = 0; path = "FInal-Project.app"; sourceTree = BUILT_PRODUCTS_DIR; };
		7FE3D1CF2ACF1061006E9CF8 /* AppDelegate.swift */ = {isa = PBXFileReference; lastKnownFileType = sourcecode.swift; path = AppDelegate.swift; sourceTree = "<group>"; };
		7FE3D1D12ACF1061006E9CF8 /* SceneDelegate.swift */ = {isa = PBXFileReference; lastKnownFileType = sourcecode.swift; path = SceneDelegate.swift; sourceTree = "<group>"; };
		7FE3D1D32ACF1061006E9CF8 /* ViewController.swift */ = {isa = PBXFileReference; lastKnownFileType = sourcecode.swift; path = ViewController.swift; sourceTree = "<group>"; };
		7FE3D1D82ACF1064006E9CF8 /* Assets.xcassets */ = {isa = PBXFileReference; lastKnownFileType = folder.assetcatalog; path = Assets.xcassets; sourceTree = "<group>"; };
		7FE3D1DB2ACF1064006E9CF8 /* Base */ = {isa = PBXFileReference; lastKnownFileType = file.storyboard; name = Base; path = Base.lproj/LaunchScreen.storyboard; sourceTree = "<group>"; };
		7FE3D1DD2ACF1064006E9CF8 /* Info.plist */ = {isa = PBXFileReference; lastKnownFileType = text.plist.xml; path = Info.plist; sourceTree = "<group>"; };
		7FE3D1E22ACF1064006E9CF8 /* FInal-ProjectTests.xctest */ = {isa = PBXFileReference; explicitFileType = wrapper.cfbundle; includeInIndex = 0; path = "FInal-ProjectTests.xctest"; sourceTree = BUILT_PRODUCTS_DIR; };
		7FE3D1E62ACF1064006E9CF8 /* FInal_ProjectTests.swift */ = {isa = PBXFileReference; lastKnownFileType = sourcecode.swift; path = FInal_ProjectTests.swift; sourceTree = "<group>"; };
		7FE3D1EC2ACF1064006E9CF8 /* FInal-ProjectUITests.xctest */ = {isa = PBXFileReference; explicitFileType = wrapper.cfbundle; includeInIndex = 0; path = "FInal-ProjectUITests.xctest"; sourceTree = BUILT_PRODUCTS_DIR; };
		7FE3D1F02ACF1064006E9CF8 /* FInal_ProjectUITests.swift */ = {isa = PBXFileReference; lastKnownFileType = sourcecode.swift; path = FInal_ProjectUITests.swift; sourceTree = "<group>"; };
		7FE3D1F22ACF1064006E9CF8 /* FInal_ProjectUITestsLaunchTests.swift */ = {isa = PBXFileReference; lastKnownFileType = sourcecode.swift; path = FInal_ProjectUITestsLaunchTests.swift; sourceTree = "<group>"; };
		7FE3D1FF2ACF1090006E9CF8 /* README.md */ = {isa = PBXFileReference; lastKnownFileType = net.daringfireball.markdown; path = README.md; sourceTree = "<group>"; };
		7FE4BED02B00804500A94406 /* Cities.swift */ = {isa = PBXFileReference; lastKnownFileType = sourcecode.swift; path = Cities.swift; sourceTree = "<group>"; };
		7FEE557C2B082B4400D9DAF0 /* MenuViewController.swift */ = {isa = PBXFileReference; lastKnownFileType = sourcecode.swift; path = MenuViewController.swift; sourceTree = "<group>"; };
		7FEE557E2B0D499600D9DAF0 /* ScoresViewController.swift */ = {isa = PBXFileReference; lastKnownFileType = sourcecode.swift; path = ScoresViewController.swift; sourceTree = "<group>"; };
/* End PBXFileReference section */

/* Begin PBXFrameworksBuildPhase section */
		7FE3D1C92ACF1061006E9CF8 /* Frameworks */ = {
			isa = PBXFrameworksBuildPhase;
			buildActionMask = 2147483647;
			files = (
				3F0D326C2B169696001F0AF2 /* ParseSwift in Frameworks */,
			);
			runOnlyForDeploymentPostprocessing = 0;
		};
		7FE3D1DF2ACF1064006E9CF8 /* Frameworks */ = {
			isa = PBXFrameworksBuildPhase;
			buildActionMask = 2147483647;
			files = (
			);
			runOnlyForDeploymentPostprocessing = 0;
		};
		7FE3D1E92ACF1064006E9CF8 /* Frameworks */ = {
			isa = PBXFrameworksBuildPhase;
			buildActionMask = 2147483647;
			files = (
			);
			runOnlyForDeploymentPostprocessing = 0;
		};
/* End PBXFrameworksBuildPhase section */

/* Begin PBXGroup section */
		7FE3D1C32ACF1061006E9CF8 = {
			isa = PBXGroup;
			children = (
				7FE3D1FF2ACF1090006E9CF8 /* README.md */,
				7FE3D1CE2ACF1061006E9CF8 /* FInal-Project */,
				7FE3D1E52ACF1064006E9CF8 /* FInal-ProjectTests */,
				7FE3D1EF2ACF1064006E9CF8 /* FInal-ProjectUITests */,
				7FE3D1CD2ACF1061006E9CF8 /* Products */,
			);
			sourceTree = "<group>";
		};
		7FE3D1CD2ACF1061006E9CF8 /* Products */ = {
			isa = PBXGroup;
			children = (
				7FE3D1CC2ACF1061006E9CF8 /* FInal-Project.app */,
				7FE3D1E22ACF1064006E9CF8 /* FInal-ProjectTests.xctest */,
				7FE3D1EC2ACF1064006E9CF8 /* FInal-ProjectUITests.xctest */,
			);
			name = Products;
			sourceTree = "<group>";
		};
		7FE3D1CE2ACF1061006E9CF8 /* FInal-Project */ = {
			isa = PBXGroup;
			children = (
				7FEE557E2B0D499600D9DAF0 /* ScoresViewController.swift */,
				3FC499A02B0BC64C009C9525 /* SignUpViewController.swift */,
				7FE4BED02B00804500A94406 /* Cities.swift */,
				7FE3D1CF2ACF1061006E9CF8 /* AppDelegate.swift */,
				7FE3D1D12ACF1061006E9CF8 /* SceneDelegate.swift */,
				3F5198862B1817C700DC70B4 /* Main.storyboard */,
				3F0D32682B167DA1001F0AF2 /* User.swift */,
				7FE3D1D32ACF1061006E9CF8 /* ViewController.swift */,
				7FEE557C2B082B4400D9DAF0 /* MenuViewController.swift */,
				3F8C43B42B0854050057070C /* LoginViewController.swift */,
				7F6926102AE8521500050E2F /* api.swift */,
				3F0D326D2B1697F8001F0AF2 /* ViewController+Extensions.swift */,
				7FE3D1D82ACF1064006E9CF8 /* Assets.xcassets */,
				7FE3D1DA2ACF1064006E9CF8 /* LaunchScreen.storyboard */,
				7FE3D1DD2ACF1064006E9CF8 /* Info.plist */,
			);
			path = "FInal-Project";
			sourceTree = "<group>";
		};
		7FE3D1E52ACF1064006E9CF8 /* FInal-ProjectTests */ = {
			isa = PBXGroup;
			children = (
				7FE3D1E62ACF1064006E9CF8 /* FInal_ProjectTests.swift */,
			);
			path = "FInal-ProjectTests";
			sourceTree = "<group>";
		};
		7FE3D1EF2ACF1064006E9CF8 /* FInal-ProjectUITests */ = {
			isa = PBXGroup;
			children = (
				7FE3D1F02ACF1064006E9CF8 /* FInal_ProjectUITests.swift */,
				7FE3D1F22ACF1064006E9CF8 /* FInal_ProjectUITestsLaunchTests.swift */,
			);
			path = "FInal-ProjectUITests";
			sourceTree = "<group>";
		};
/* End PBXGroup section */

/* Begin PBXNativeTarget section */
		7FE3D1CB2ACF1061006E9CF8 /* FInal-Project */ = {
			isa = PBXNativeTarget;
			buildConfigurationList = 7FE3D1F62ACF1064006E9CF8 /* Build configuration list for PBXNativeTarget "FInal-Project" */;
			buildPhases = (
				7FE3D1C82ACF1061006E9CF8 /* Sources */,
				7FE3D1C92ACF1061006E9CF8 /* Frameworks */,
				7FE3D1CA2ACF1061006E9CF8 /* Resources */,
			);
			buildRules = (
			);
			dependencies = (
			);
			name = "FInal-Project";
			packageProductDependencies = (
				3F0D326B2B169696001F0AF2 /* ParseSwift */,
			);
			productName = "FInal-Project";
			productReference = 7FE3D1CC2ACF1061006E9CF8 /* FInal-Project.app */;
			productType = "com.apple.product-type.application";
		};
		7FE3D1E12ACF1064006E9CF8 /* FInal-ProjectTests */ = {
			isa = PBXNativeTarget;
			buildConfigurationList = 7FE3D1F92ACF1064006E9CF8 /* Build configuration list for PBXNativeTarget "FInal-ProjectTests" */;
			buildPhases = (
				7FE3D1DE2ACF1064006E9CF8 /* Sources */,
				7FE3D1DF2ACF1064006E9CF8 /* Frameworks */,
				7FE3D1E02ACF1064006E9CF8 /* Resources */,
			);
			buildRules = (
			);
			dependencies = (
				7FE3D1E42ACF1064006E9CF8 /* PBXTargetDependency */,
			);
			name = "FInal-ProjectTests";
			productName = "FInal-ProjectTests";
			productReference = 7FE3D1E22ACF1064006E9CF8 /* FInal-ProjectTests.xctest */;
			productType = "com.apple.product-type.bundle.unit-test";
		};
		7FE3D1EB2ACF1064006E9CF8 /* FInal-ProjectUITests */ = {
			isa = PBXNativeTarget;
			buildConfigurationList = 7FE3D1FC2ACF1064006E9CF8 /* Build configuration list for PBXNativeTarget "FInal-ProjectUITests" */;
			buildPhases = (
				7FE3D1E82ACF1064006E9CF8 /* Sources */,
				7FE3D1E92ACF1064006E9CF8 /* Frameworks */,
				7FE3D1EA2ACF1064006E9CF8 /* Resources */,
			);
			buildRules = (
			);
			dependencies = (
				7FE3D1EE2ACF1064006E9CF8 /* PBXTargetDependency */,
			);
			name = "FInal-ProjectUITests";
			productName = "FInal-ProjectUITests";
			productReference = 7FE3D1EC2ACF1064006E9CF8 /* FInal-ProjectUITests.xctest */;
			productType = "com.apple.product-type.bundle.ui-testing";
		};
/* End PBXNativeTarget section */

/* Begin PBXProject section */
		7FE3D1C42ACF1061006E9CF8 /* Project object */ = {
			isa = PBXProject;
			attributes = {
				BuildIndependentTargetsInParallel = 1;
				LastSwiftUpdateCheck = 1420;
				LastUpgradeCheck = 1420;
				TargetAttributes = {
					7FE3D1CB2ACF1061006E9CF8 = {
						CreatedOnToolsVersion = 14.2;
					};
					7FE3D1E12ACF1064006E9CF8 = {
						CreatedOnToolsVersion = 14.2;
						TestTargetID = 7FE3D1CB2ACF1061006E9CF8;
					};
					7FE3D1EB2ACF1064006E9CF8 = {
						CreatedOnToolsVersion = 14.2;
						TestTargetID = 7FE3D1CB2ACF1061006E9CF8;
					};
				};
			};
			buildConfigurationList = 7FE3D1C72ACF1061006E9CF8 /* Build configuration list for PBXProject "FInal-Project" */;
			compatibilityVersion = "Xcode 14.0";
			developmentRegion = en;
			hasScannedForEncodings = 0;
			knownRegions = (
				en,
				Base,
			);
			mainGroup = 7FE3D1C32ACF1061006E9CF8;
			packageReferences = (
				3F0D326A2B169696001F0AF2 /* XCRemoteSwiftPackageReference "Parse-Swift" */,
			);
			productRefGroup = 7FE3D1CD2ACF1061006E9CF8 /* Products */;
			projectDirPath = "";
			projectRoot = "";
			targets = (
				7FE3D1CB2ACF1061006E9CF8 /* FInal-Project */,
				7FE3D1E12ACF1064006E9CF8 /* FInal-ProjectTests */,
				7FE3D1EB2ACF1064006E9CF8 /* FInal-ProjectUITests */,
			);
		};
/* End PBXProject section */

/* Begin PBXResourcesBuildPhase section */
		7FE3D1CA2ACF1061006E9CF8 /* Resources */ = {
			isa = PBXResourcesBuildPhase;
			buildActionMask = 2147483647;
			files = (
				7FE3D1DC2ACF1064006E9CF8 /* LaunchScreen.storyboard in Resources */,
				3F5198872B1817C700DC70B4 /* Main.storyboard in Resources */,
				7FE3D1D92ACF1064006E9CF8 /* Assets.xcassets in Resources */,
				7FE3D2002ACF1090006E9CF8 /* README.md in Resources */,
			);
			runOnlyForDeploymentPostprocessing = 0;
		};
		7FE3D1E02ACF1064006E9CF8 /* Resources */ = {
			isa = PBXResourcesBuildPhase;
			buildActionMask = 2147483647;
			files = (
			);
			runOnlyForDeploymentPostprocessing = 0;
		};
		7FE3D1EA2ACF1064006E9CF8 /* Resources */ = {
			isa = PBXResourcesBuildPhase;
			buildActionMask = 2147483647;
			files = (
			);
			runOnlyForDeploymentPostprocessing = 0;
		};
/* End PBXResourcesBuildPhase section */

/* Begin PBXSourcesBuildPhase section */
		7FE3D1C82ACF1061006E9CF8 /* Sources */ = {
			isa = PBXSourcesBuildPhase;
			buildActionMask = 2147483647;
			files = (
				3F8C43B52B0854050057070C /* LoginViewController.swift in Sources */,
				7FE3D1D42ACF1061006E9CF8 /* ViewController.swift in Sources */,
				3F0D326E2B1697F8001F0AF2 /* ViewController+Extensions.swift in Sources */,
				3FC499A12B0BC64C009C9525 /* SignUpViewController.swift in Sources */,
				7FEE557D2B082B4400D9DAF0 /* MenuViewController.swift in Sources */,
				7FEE557F2B0D499600D9DAF0 /* ScoresViewController.swift in Sources */,
				7FE4BED12B00804500A94406 /* Cities.swift in Sources */,
				7FE3D1D02ACF1061006E9CF8 /* AppDelegate.swift in Sources */,
				7F6926112AE8521500050E2F /* api.swift in Sources */,
				3F0D32692B167DA2001F0AF2 /* User.swift in Sources */,
				7FE3D1D22ACF1061006E9CF8 /* SceneDelegate.swift in Sources */,
			);
			runOnlyForDeploymentPostprocessing = 0;
		};
		7FE3D1DE2ACF1064006E9CF8 /* Sources */ = {
			isa = PBXSourcesBuildPhase;
			buildActionMask = 2147483647;
			files = (
				7FE3D1E72ACF1064006E9CF8 /* FInal_ProjectTests.swift in Sources */,
			);
			runOnlyForDeploymentPostprocessing = 0;
		};
		7FE3D1E82ACF1064006E9CF8 /* Sources */ = {
			isa = PBXSourcesBuildPhase;
			buildActionMask = 2147483647;
			files = (
				7FE3D1F12ACF1064006E9CF8 /* FInal_ProjectUITests.swift in Sources */,
				7FE3D1F32ACF1064006E9CF8 /* FInal_ProjectUITestsLaunchTests.swift in Sources */,
			);
			runOnlyForDeploymentPostprocessing = 0;
		};
/* End PBXSourcesBuildPhase section */

/* Begin PBXTargetDependency section */
		7FE3D1E42ACF1064006E9CF8 /* PBXTargetDependency */ = {
			isa = PBXTargetDependency;
			target = 7FE3D1CB2ACF1061006E9CF8 /* FInal-Project */;
			targetProxy = 7FE3D1E32ACF1064006E9CF8 /* PBXContainerItemProxy */;
		};
		7FE3D1EE2ACF1064006E9CF8 /* PBXTargetDependency */ = {
			isa = PBXTargetDependency;
			target = 7FE3D1CB2ACF1061006E9CF8 /* FInal-Project */;
			targetProxy = 7FE3D1ED2ACF1064006E9CF8 /* PBXContainerItemProxy */;
		};
/* End PBXTargetDependency section */

/* Begin PBXVariantGroup section */
		7FE3D1DA2ACF1064006E9CF8 /* LaunchScreen.storyboard */ = {
			isa = PBXVariantGroup;
			children = (
				7FE3D1DB2ACF1064006E9CF8 /* Base */,
			);
			name = LaunchScreen.storyboard;
			sourceTree = "<group>";
		};
/* End PBXVariantGroup section */

/* Begin XCBuildConfiguration section */
		7FE3D1F42ACF1064006E9CF8 /* Debug */ = {
			isa = XCBuildConfiguration;
			buildSettings = {
				ALWAYS_SEARCH_USER_PATHS = NO;
				CLANG_ANALYZER_NONNULL = YES;
				CLANG_ANALYZER_NUMBER_OBJECT_CONVERSION = YES_AGGRESSIVE;
				CLANG_CXX_LANGUAGE_STANDARD = "gnu++20";
				CLANG_ENABLE_MODULES = YES;
				CLANG_ENABLE_OBJC_ARC = YES;
				CLANG_ENABLE_OBJC_WEAK = YES;
				CLANG_WARN_BLOCK_CAPTURE_AUTORELEASING = YES;
				CLANG_WARN_BOOL_CONVERSION = YES;
				CLANG_WARN_COMMA = YES;
				CLANG_WARN_CONSTANT_CONVERSION = YES;
				CLANG_WARN_DEPRECATED_OBJC_IMPLEMENTATIONS = YES;
				CLANG_WARN_DIRECT_OBJC_ISA_USAGE = YES_ERROR;
				CLANG_WARN_DOCUMENTATION_COMMENTS = YES;
				CLANG_WARN_EMPTY_BODY = YES;
				CLANG_WARN_ENUM_CONVERSION = YES;
				CLANG_WARN_INFINITE_RECURSION = YES;
				CLANG_WARN_INT_CONVERSION = YES;
				CLANG_WARN_NON_LITERAL_NULL_CONVERSION = YES;
				CLANG_WARN_OBJC_IMPLICIT_RETAIN_SELF = YES;
				CLANG_WARN_OBJC_LITERAL_CONVERSION = YES;
				CLANG_WARN_OBJC_ROOT_CLASS = YES_ERROR;
				CLANG_WARN_QUOTED_INCLUDE_IN_FRAMEWORK_HEADER = YES;
				CLANG_WARN_RANGE_LOOP_ANALYSIS = YES;
				CLANG_WARN_STRICT_PROTOTYPES = YES;
				CLANG_WARN_SUSPICIOUS_MOVE = YES;
				CLANG_WARN_UNGUARDED_AVAILABILITY = YES_AGGRESSIVE;
				CLANG_WARN_UNREACHABLE_CODE = YES;
				CLANG_WARN__DUPLICATE_METHOD_MATCH = YES;
				COPY_PHASE_STRIP = NO;
				DEBUG_INFORMATION_FORMAT = dwarf;
				ENABLE_STRICT_OBJC_MSGSEND = YES;
				ENABLE_TESTABILITY = YES;
				GCC_C_LANGUAGE_STANDARD = gnu11;
				GCC_DYNAMIC_NO_PIC = NO;
				GCC_NO_COMMON_BLOCKS = YES;
				GCC_OPTIMIZATION_LEVEL = 0;
				GCC_PREPROCESSOR_DEFINITIONS = (
					"DEBUG=1",
					"$(inherited)",
				);
				GCC_WARN_64_TO_32_BIT_CONVERSION = YES;
				GCC_WARN_ABOUT_RETURN_TYPE = YES_ERROR;
				GCC_WARN_UNDECLARED_SELECTOR = YES;
				GCC_WARN_UNINITIALIZED_AUTOS = YES_AGGRESSIVE;
				GCC_WARN_UNUSED_FUNCTION = YES;
				GCC_WARN_UNUSED_VARIABLE = YES;
				IPHONEOS_DEPLOYMENT_TARGET = 16.2;
				MTL_ENABLE_DEBUG_INFO = INCLUDE_SOURCE;
				MTL_FAST_MATH = YES;
				ONLY_ACTIVE_ARCH = YES;
				SDKROOT = iphoneos;
				SWIFT_ACTIVE_COMPILATION_CONDITIONS = DEBUG;
				SWIFT_OPTIMIZATION_LEVEL = "-Onone";
			};
			name = Debug;
		};
		7FE3D1F52ACF1064006E9CF8 /* Release */ = {
			isa = XCBuildConfiguration;
			buildSettings = {
				ALWAYS_SEARCH_USER_PATHS = NO;
				CLANG_ANALYZER_NONNULL = YES;
				CLANG_ANALYZER_NUMBER_OBJECT_CONVERSION = YES_AGGRESSIVE;
				CLANG_CXX_LANGUAGE_STANDARD = "gnu++20";
				CLANG_ENABLE_MODULES = YES;
				CLANG_ENABLE_OBJC_ARC = YES;
				CLANG_ENABLE_OBJC_WEAK = YES;
				CLANG_WARN_BLOCK_CAPTURE_AUTORELEASING = YES;
				CLANG_WARN_BOOL_CONVERSION = YES;
				CLANG_WARN_COMMA = YES;
				CLANG_WARN_CONSTANT_CONVERSION = YES;
				CLANG_WARN_DEPRECATED_OBJC_IMPLEMENTATIONS = YES;
				CLANG_WARN_DIRECT_OBJC_ISA_USAGE = YES_ERROR;
				CLANG_WARN_DOCUMENTATION_COMMENTS = YES;
				CLANG_WARN_EMPTY_BODY = YES;
				CLANG_WARN_ENUM_CONVERSION = YES;
				CLANG_WARN_INFINITE_RECURSION = YES;
				CLANG_WARN_INT_CONVERSION = YES;
				CLANG_WARN_NON_LITERAL_NULL_CONVERSION = YES;
				CLANG_WARN_OBJC_IMPLICIT_RETAIN_SELF = YES;
				CLANG_WARN_OBJC_LITERAL_CONVERSION = YES;
				CLANG_WARN_OBJC_ROOT_CLASS = YES_ERROR;
				CLANG_WARN_QUOTED_INCLUDE_IN_FRAMEWORK_HEADER = YES;
				CLANG_WARN_RANGE_LOOP_ANALYSIS = YES;
				CLANG_WARN_STRICT_PROTOTYPES = YES;
				CLANG_WARN_SUSPICIOUS_MOVE = YES;
				CLANG_WARN_UNGUARDED_AVAILABILITY = YES_AGGRESSIVE;
				CLANG_WARN_UNREACHABLE_CODE = YES;
				CLANG_WARN__DUPLICATE_METHOD_MATCH = YES;
				COPY_PHASE_STRIP = NO;
				DEBUG_INFORMATION_FORMAT = "dwarf-with-dsym";
				ENABLE_NS_ASSERTIONS = NO;
				ENABLE_STRICT_OBJC_MSGSEND = YES;
				GCC_C_LANGUAGE_STANDARD = gnu11;
				GCC_NO_COMMON_BLOCKS = YES;
				GCC_WARN_64_TO_32_BIT_CONVERSION = YES;
				GCC_WARN_ABOUT_RETURN_TYPE = YES_ERROR;
				GCC_WARN_UNDECLARED_SELECTOR = YES;
				GCC_WARN_UNINITIALIZED_AUTOS = YES_AGGRESSIVE;
				GCC_WARN_UNUSED_FUNCTION = YES;
				GCC_WARN_UNUSED_VARIABLE = YES;
				IPHONEOS_DEPLOYMENT_TARGET = 16.2;
				MTL_ENABLE_DEBUG_INFO = NO;
				MTL_FAST_MATH = YES;
				SDKROOT = iphoneos;
				SWIFT_COMPILATION_MODE = wholemodule;
				SWIFT_OPTIMIZATION_LEVEL = "-O";
				VALIDATE_PRODUCT = YES;
			};
			name = Release;
		};
		7FE3D1F72ACF1064006E9CF8 /* Debug */ = {
			isa = XCBuildConfiguration;
			buildSettings = {
				ASSETCATALOG_COMPILER_APPICON_NAME = AppIcon;
				ASSETCATALOG_COMPILER_GLOBAL_ACCENT_COLOR_NAME = AccentColor;
				CODE_SIGN_STYLE = Automatic;
				CURRENT_PROJECT_VERSION = 1;
				GENERATE_INFOPLIST_FILE = YES;
				INFOPLIST_FILE = "FInal-Project/Info.plist";
				INFOPLIST_KEY_UIApplicationSupportsIndirectInputEvents = YES;
				INFOPLIST_KEY_UILaunchStoryboardName = LaunchScreen;
				INFOPLIST_KEY_UIMainStoryboardFile = Main;
				INFOPLIST_KEY_UISupportedInterfaceOrientations_iPad = "UIInterfaceOrientationPortrait UIInterfaceOrientationPortraitUpsideDown UIInterfaceOrientationLandscapeLeft UIInterfaceOrientationLandscapeRight";
				INFOPLIST_KEY_UISupportedInterfaceOrientations_iPhone = "UIInterfaceOrientationPortrait UIInterfaceOrientationLandscapeLeft UIInterfaceOrientationLandscapeRight";
				LD_RUNPATH_SEARCH_PATHS = (
					"$(inherited)",
					"@executable_path/Frameworks",
				);
				MARKETING_VERSION = 1.0;
				PRODUCT_BUNDLE_IDENTIFIER = "k.FInal-Project";
				PRODUCT_NAME = "$(TARGET_NAME)";
				SWIFT_EMIT_LOC_STRINGS = YES;
				SWIFT_VERSION = 5.0;
				TARGETED_DEVICE_FAMILY = "1,2";
			};
			name = Debug;
		};
		7FE3D1F82ACF1064006E9CF8 /* Release */ = {
			isa = XCBuildConfiguration;
			buildSettings = {
				ASSETCATALOG_COMPILER_APPICON_NAME = AppIcon;
				ASSETCATALOG_COMPILER_GLOBAL_ACCENT_COLOR_NAME = AccentColor;
				CODE_SIGN_STYLE = Automatic;
				CURRENT_PROJECT_VERSION = 1;
				GENERATE_INFOPLIST_FILE = YES;
				INFOPLIST_FILE = "FInal-Project/Info.plist";
				INFOPLIST_KEY_UIApplicationSupportsIndirectInputEvents = YES;
				INFOPLIST_KEY_UILaunchStoryboardName = LaunchScreen;
				INFOPLIST_KEY_UIMainStoryboardFile = Main;
				INFOPLIST_KEY_UISupportedInterfaceOrientations_iPad = "UIInterfaceOrientationPortrait UIInterfaceOrientationPortraitUpsideDown UIInterfaceOrientationLandscapeLeft UIInterfaceOrientationLandscapeRight";
				INFOPLIST_KEY_UISupportedInterfaceOrientations_iPhone = "UIInterfaceOrientationPortrait UIInterfaceOrientationLandscapeLeft UIInterfaceOrientationLandscapeRight";
				LD_RUNPATH_SEARCH_PATHS = (
					"$(inherited)",
					"@executable_path/Frameworks",
				);
				MARKETING_VERSION = 1.0;
				PRODUCT_BUNDLE_IDENTIFIER = "k.FInal-Project";
				PRODUCT_NAME = "$(TARGET_NAME)";
				SWIFT_EMIT_LOC_STRINGS = YES;
				SWIFT_VERSION = 5.0;
				TARGETED_DEVICE_FAMILY = "1,2";
			};
			name = Release;
		};
		7FE3D1FA2ACF1064006E9CF8 /* Debug */ = {
			isa = XCBuildConfiguration;
			buildSettings = {
				ALWAYS_EMBED_SWIFT_STANDARD_LIBRARIES = YES;
				BUNDLE_LOADER = "$(TEST_HOST)";
				CODE_SIGN_STYLE = Automatic;
				CURRENT_PROJECT_VERSION = 1;
				GENERATE_INFOPLIST_FILE = YES;
				IPHONEOS_DEPLOYMENT_TARGET = 16.2;
				MARKETING_VERSION = 1.0;
				PRODUCT_BUNDLE_IDENTIFIER = "k.FInal-ProjectTests";
				PRODUCT_NAME = "$(TARGET_NAME)";
				SWIFT_EMIT_LOC_STRINGS = NO;
				SWIFT_VERSION = 5.0;
				TARGETED_DEVICE_FAMILY = "1,2";
				TEST_HOST = "$(BUILT_PRODUCTS_DIR)/FInal-Project.app/$(BUNDLE_EXECUTABLE_FOLDER_PATH)/FInal-Project";
			};
			name = Debug;
		};
		7FE3D1FB2ACF1064006E9CF8 /* Release */ = {
			isa = XCBuildConfiguration;
			buildSettings = {
				ALWAYS_EMBED_SWIFT_STANDARD_LIBRARIES = YES;
				BUNDLE_LOADER = "$(TEST_HOST)";
				CODE_SIGN_STYLE = Automatic;
				CURRENT_PROJECT_VERSION = 1;
				GENERATE_INFOPLIST_FILE = YES;
				IPHONEOS_DEPLOYMENT_TARGET = 16.2;
				MARKETING_VERSION = 1.0;
				PRODUCT_BUNDLE_IDENTIFIER = "k.FInal-ProjectTests";
				PRODUCT_NAME = "$(TARGET_NAME)";
				SWIFT_EMIT_LOC_STRINGS = NO;
				SWIFT_VERSION = 5.0;
				TARGETED_DEVICE_FAMILY = "1,2";
				TEST_HOST = "$(BUILT_PRODUCTS_DIR)/FInal-Project.app/$(BUNDLE_EXECUTABLE_FOLDER_PATH)/FInal-Project";
			};
			name = Release;
		};
		7FE3D1FD2ACF1064006E9CF8 /* Debug */ = {
			isa = XCBuildConfiguration;
			buildSettings = {
				ALWAYS_EMBED_SWIFT_STANDARD_LIBRARIES = YES;
				CODE_SIGN_STYLE = Automatic;
				CURRENT_PROJECT_VERSION = 1;
				GENERATE_INFOPLIST_FILE = YES;
				MARKETING_VERSION = 1.0;
				PRODUCT_BUNDLE_IDENTIFIER = "k.FInal-ProjectUITests";
				PRODUCT_NAME = "$(TARGET_NAME)";
				SWIFT_EMIT_LOC_STRINGS = NO;
				SWIFT_VERSION = 5.0;
				TARGETED_DEVICE_FAMILY = "1,2";
				TEST_TARGET_NAME = "FInal-Project";
			};
			name = Debug;
		};
		7FE3D1FE2ACF1064006E9CF8 /* Release */ = {
			isa = XCBuildConfiguration;
			buildSettings = {
				ALWAYS_EMBED_SWIFT_STANDARD_LIBRARIES = YES;
				CODE_SIGN_STYLE = Automatic;
				CURRENT_PROJECT_VERSION = 1;
				GENERATE_INFOPLIST_FILE = YES;
				MARKETING_VERSION = 1.0;
				PRODUCT_BUNDLE_IDENTIFIER = "k.FInal-ProjectUITests";
				PRODUCT_NAME = "$(TARGET_NAME)";
				SWIFT_EMIT_LOC_STRINGS = NO;
				SWIFT_VERSION = 5.0;
				TARGETED_DEVICE_FAMILY = "1,2";
				TEST_TARGET_NAME = "FInal-Project";
			};
			name = Release;
		};
/* End XCBuildConfiguration section */

/* Begin XCConfigurationList section */
		7FE3D1C72ACF1061006E9CF8 /* Build configuration list for PBXProject "FInal-Project" */ = {
			isa = XCConfigurationList;
			buildConfigurations = (
				7FE3D1F42ACF1064006E9CF8 /* Debug */,
				7FE3D1F52ACF1064006E9CF8 /* Release */,
			);
			defaultConfigurationIsVisible = 0;
			defaultConfigurationName = Release;
		};
		7FE3D1F62ACF1064006E9CF8 /* Build configuration list for PBXNativeTarget "FInal-Project" */ = {
			isa = XCConfigurationList;
			buildConfigurations = (
				7FE3D1F72ACF1064006E9CF8 /* Debug */,
				7FE3D1F82ACF1064006E9CF8 /* Release */,
			);
			defaultConfigurationIsVisible = 0;
			defaultConfigurationName = Release;
		};
		7FE3D1F92ACF1064006E9CF8 /* Build configuration list for PBXNativeTarget "FInal-ProjectTests" */ = {
			isa = XCConfigurationList;
			buildConfigurations = (
				7FE3D1FA2ACF1064006E9CF8 /* Debug */,
				7FE3D1FB2ACF1064006E9CF8 /* Release */,
			);
			defaultConfigurationIsVisible = 0;
			defaultConfigurationName = Release;
		};
		7FE3D1FC2ACF1064006E9CF8 /* Build configuration list for PBXNativeTarget "FInal-ProjectUITests" */ = {
			isa = XCConfigurationList;
			buildConfigurations = (
				7FE3D1FD2ACF1064006E9CF8 /* Debug */,
				7FE3D1FE2ACF1064006E9CF8 /* Release */,
			);
			defaultConfigurationIsVisible = 0;
			defaultConfigurationName = Release;
		};
/* End XCConfigurationList section */

/* Begin XCRemoteSwiftPackageReference section */
		3F0D326A2B169696001F0AF2 /* XCRemoteSwiftPackageReference "Parse-Swift" */ = {
			isa = XCRemoteSwiftPackageReference;
			repositoryURL = "https://github.com/parse-community/Parse-Swift.git";
			requirement = {
				kind = upToNextMajorVersion;
				minimumVersion = 4.14.2;
			};
		};
/* End XCRemoteSwiftPackageReference section */

/* Begin XCSwiftPackageProductDependency section */
		3F0D326B2B169696001F0AF2 /* ParseSwift */ = {
			isa = XCSwiftPackageProductDependency;
			package = 3F0D326A2B169696001F0AF2 /* XCRemoteSwiftPackageReference "Parse-Swift" */;
			productName = ParseSwift;
		};
/* End XCSwiftPackageProductDependency section */
	};
	rootObject = 7FE3D1C42ACF1061006E9CF8 /* Project object */;
}
